{
  "nodes": {
    "agenix": {
      "inputs": {
        "darwin": [
          "zaphkiel"
        ],
        "home-manager": [
          "zaphkiel"
        ],
        "nixpkgs": [
          "zaphkiel",
          "nixpkgs"
        ],
        "systems": [
          "zaphkiel",
          "systems"
        ]
      },
      "locked": {
        "lastModified": 1770165109,
        "narHash": "sha256-9VnK6Oqai65puVJ4WYtCTvlJeXxMzAp/69HhQuTdl/I=",
        "owner": "ryantm",
        "repo": "agenix",
        "rev": "b027ee29d959fda4b60b57566d64c98a202e0feb",
        "type": "github"
      },
      "original": {
        "owner": "ryantm",
        "repo": "agenix",
        "type": "github"
      }
    },
    "booru-hs": {
      "inputs": {
        "nixpkgs": [
          "zaphkiel",
          "nixpkgs"
        ],
        "systems": [
          "zaphkiel",
          "systems"
        ]
      },
      "locked": {
        "lastModified": 1761219102,
        "narHash": "sha256-o5U0lJ9ZIHHPDLUDDUEYVQWGucIFVJTBQcRXpQyWsOw=",
        "owner": "Rexcrazy804",
        "repo": "booru.hs",
        "rev": "f24a9a89bae3bdfb635e61f40874652dfb76d6c5",
        "type": "github"
      },
      "original": {
        "owner": "Rexcrazy804",
        "repo": "booru.hs",
        "type": "github"
      }
    },
    "caelestia": {
      "inputs": {
        "caelestia-cli": "caelestia-cli",
        "flake-utils": "flake-utils_2",
        "nixpkgs": "nixpkgs",
        "quickshell": [
          "quickshell"
        ]
      },
      "locked": {
        "lastModified": 1752611847,
        "narHash": "sha256-6B8lOcExNmPtdzUWKk90+/a0wNuHBOM0MjvBZv1ic4k=",
        "ref": "refs/heads/main",
        "rev": "5e9d77df40cffdad3aa680bd5d3f7d6132e9070e",
        "revCount": 865,
        "type": "git",
        "url": "https://git.dan-gilmour.com/dan/flake-only.git"
      },
      "original": {
        "type": "git",
        "url": "https://git.dan-gilmour.com/dan/flake-only.git"
      }
    },
    "caelestia-cli": {
      "inputs": {
        "flake-utils": "flake-utils",
        "nixpkgs": [
          "caelestia",
          "nixpkgs"
        ]
      },
      "locked": {
        "lastModified": 1752343654,
        "narHash": "sha256-BNepVUBwyoQoF8kEnMfbyYJATmh7JM2gg3n5YCvC4MI=",
        "owner": "pinksteven",
        "repo": "caelestia-cli",
        "rev": "6ba8a212c1634a5e74b64ecfab5f29a17d136d81",
        "type": "github"
      },
      "original": {
        "owner": "pinksteven",
        "repo": "caelestia-cli",
        "type": "github"
      }
    },
    "chaotic": {
      "inputs": {
        "flake-schemas": "flake-schemas",
        "home-manager": "home-manager",
        "nixpkgs": "nixpkgs_2"
      },
      "locked": {
        "lastModified": 1783145609,
        "narHash": "sha256-yuEYSX6eHnU9+CumiBNld+Qxyu8b0/fQ8hKHqGtWLrs=",
        "owner": "chaotic-cx",
        "repo": "nyx",
        "rev": "65eceed127da68f75a9c02607619ef21ac2a16cd",
        "type": "github"
      },
      "original": {
        "owner": "chaotic-cx",
        "ref": "nyxpkgs-unstable",
        "repo": "nyx",
        "type": "github"
      }
    },
    "crane": {
      "locked": {
        "lastModified": 1776396856,
        "narHash": "sha256-aRJpIJUlZLaf06ekPvqjuU46zvO9K90IxJGpbqodkPs=",
        "owner": "ipetkov",
        "repo": "crane",
        "rev": "28462d6d55c33206ffa5a56c7907ca3125ed788f",
        "type": "github"
      },
      "original": {
        "owner": "ipetkov",
        "repo": "crane",
        "type": "github"
      }
    },
    "crane_2": {
      "locked": {
        "lastModified": 1780532242,
        "narHash": "sha256-D+BsdpxmtUwtqGoY0IXPhHgTlmqgcZKCEo1oMyn7ep0=",
        "owner": "ipetkov",
        "repo": "crane",
        "rev": "59a82a1222dd3b2080b5cc52a1a2e8d5f1b77f37",
        "type": "github"
      },
      "original": {
        "owner": "ipetkov",
        "repo": "crane",
        "type": "github"
      }
    },
    "fenix": {
      "inputs": {
        "nixpkgs": [
          "yazelix",
          "nixpkgs"
        ],
        "rust-analyzer-src": "rust-analyzer-src"
      },
      "locked": {
        "lastModified": 1780218205,
        "narHash": "sha256-c4MSlBQw5MIDRkad9UNUUnBaOHAHnhuCXrDt90FDVrg=",
        "owner": "nix-community",
        "repo": "fenix",
        "rev": "96e0fc9f1a9b37f6477fa11c3fd48575354773ed",
        "type": "github"
      },
      "original": {
        "owner": "nix-community",
        "repo": "fenix",
        "type": "github"
      }
    },
    "flake-parts": {
      "inputs": {
        "nixpkgs-lib": "nixpkgs-lib"
      },
      "locked": {
        "lastModified": 1778716662,
        "narHash": "sha256-m1Yf0wZ8j1OHjTc2UwHwyQRSnNeSgLJOd7q5Y45hzi4=",
        "owner": "hercules-ci",
        "repo": "flake-parts",
        "rev": "f7c1a2d347e4c52d5fb8d10cb4d94b5884e546fb",
        "type": "github"
      },
      "original": {
        "owner": "hercules-ci",
        "repo": "flake-parts",
        "type": "github"
      }
    },
    "flake-schemas": {
      "locked": {
        "lastModified": 1780327564,
        "narHash": "sha256-HiRPtA0spK+Dkgbhz/1zW9glXxNVB+L4Rj2VYmdawb8=",
        "rev": "6cc9bd98891b1fc6bb2b8cb3277df8bc72799ca6",
        "revCount": 149,
        "type": "tarball",
        "url": "https://api.flakehub.com/f/pinned/DeterminateSystems/flake-schemas/0.5.0/019e83cf-9af3-78b1-ac5b-70e68ad1efe1/source.tar.gz"
      },
      "original": {
        "type": "tarball",
        "url": "https://flakehub.com/f/DeterminateSystems/flake-schemas/%3D0.5.0.tar.gz"
      }
    },
    "flake-utils": {
      "inputs": {
        "systems": "systems"
      },
      "locked": {
        "lastModified": 1731533236,
        "narHash": "sha256-l0KFg5HjrsfsO/JpG+r7fRrqm12kzFHyUHqHCVpMMbI=",
        "owner": "numtide",
        "repo": "flake-utils",
        "rev": "11707dc2f618dd54ca8739b309ec4fc024de578b",
        "type": "github"
      },
      "original": {
        "owner": "numtide",
        "repo": "flake-utils",
        "type": "github"
      }
    },
    "flake-utils_2": {
      "inputs": {
        "systems": "systems_2"
      },
      "locked": {
        "lastModified": 1731533236,
        "narHash": "sha256-l0KFg5HjrsfsO/JpG+r7fRrqm12kzFHyUHqHCVpMMbI=",
        "owner": "numtide",
        "repo": "flake-utils",
        "rev": "11707dc2f618dd54ca8739b309ec4fc024de578b",
        "type": "github"
      },
      "original": {
        "owner": "numtide",
        "repo": "flake-utils",
        "type": "github"
      }
    },
    "flake-utils_3": {
      "inputs": {
        "systems": "systems_4"
      },
      "locked": {
        "lastModified": 1731533236,
        "narHash": "sha256-l0KFg5HjrsfsO/JpG+r7fRrqm12kzFHyUHqHCVpMMbI=",
        "owner": "numtide",
        "repo": "flake-utils",
        "rev": "11707dc2f618dd54ca8739b309ec4fc024de578b",
        "type": "github"
      },
      "original": {
        "owner": "numtide",
        "repo": "flake-utils",
        "type": "github"
      }
    },
    "flake-utils_4": {
      "inputs": {
        "systems": "systems_5"
      },
      "locked": {
        "lastModified": 1731533236,
        "narHash": "sha256-l0KFg5HjrsfsO/JpG+r7fRrqm12kzFHyUHqHCVpMMbI=",
        "owner": "numtide",
        "repo": "flake-utils",
        "rev": "11707dc2f618dd54ca8739b309ec4fc024de578b",
        "type": "github"
      },
      "original": {
        "owner": "numtide",
        "repo": "flake-utils",
        "type": "github"
      }
    },
    "flake-utils_5": {
      "inputs": {
        "systems": "systems_6"
      },
      "locked": {
        "lastModified": 1731533236,
        "narHash": "sha256-l0KFg5HjrsfsO/JpG+r7fRrqm12kzFHyUHqHCVpMMbI=",
        "owner": "numtide",
        "repo": "flake-utils",
        "rev": "11707dc2f618dd54ca8739b309ec4fc024de578b",
        "type": "github"
      },
      "original": {
        "owner": "numtide",
        "repo": "flake-utils",
        "type": "github"
      }
    },
    "flake-utils_6": {
      "inputs": {
        "systems": "systems_7"
      },
      "locked": {
        "lastModified": 1731533236,
        "narHash": "sha256-l0KFg5HjrsfsO/JpG+r7fRrqm12kzFHyUHqHCVpMMbI=",
        "owner": "numtide",
        "repo": "flake-utils",
        "rev": "11707dc2f618dd54ca8739b309ec4fc024de578b",
        "type": "github"
      },
      "original": {
        "owner": "numtide",
        "repo": "flake-utils",
        "type": "github"
      }
    },
    "hjem": {
      "inputs": {
        "nix-darwin": [
          "zaphkiel"
        ],
        "nixpkgs": [
          "zaphkiel",
          "nixpkgs"
        ]
      },
      "locked": {
        "lastModified": 1781430841,
        "narHash": "sha256-5uEX8TEZ5kI+bnil/T2jtRlxiADcyeD9mX8gOwQIEVs=",
        "owner": "feel-co",
        "repo": "hjem",
        "rev": "89d0beea9068903aeb9998f52b741c69d4e32aa1",
        "type": "github"
      },
      "original": {
        "owner": "feel-co",
        "repo": "hjem",
        "type": "github"
      }
    },
    "hjem-impure": {
      "inputs": {
        "hjem": [
          "zaphkiel"
        ],
        "nixpkgs": [
          "zaphkiel"
        ]
      },
      "locked": {
        "lastModified": 1780011779,
        "narHash": "sha256-nVA2sFfzDm97nuW2DMhN8fgCW+Eh7S5ZwMG3ICrD/Z0=",
        "owner": "Rexcrazy804",
        "repo": "hjem-impure",
        "rev": "6a5e29c8cadc156258b71f251eb2abdb825cf286",
        "type": "github"
      },
      "original": {
        "owner": "Rexcrazy804",
        "repo": "hjem-impure",
        "type": "github"
      }
    },
    "home-manager": {
      "inputs": {
        "nixpkgs": [
          "chaotic",
          "nixpkgs"
        ]
      },
      "locked": {
        "lastModified": 1783024095,
        "narHash": "sha256-oE+TNK98Pl7nHW4VU1oBvUKD5JR45U+py/NJmLoTNHI=",
        "owner": "nix-community",
        "repo": "home-manager",
        "rev": "a4d410db95a6416d1008049330bd86b85b5db45a",
        "type": "github"
      },
      "original": {
        "owner": "nix-community",
        "repo": "home-manager",
        "type": "github"
      }
    },
    "home-manager_2": {
      "inputs": {
        "nixpkgs": [
          "nixpkgs"
        ]
      },
      "locked": {
        "lastModified": 1783134515,
        "narHash": "sha256-qMoZazubXlXUD9k/syJ/aiWC4X4g73mwVmZ7Z4+rdpM=",
        "owner": "nix-community",
        "repo": "home-manager",
        "rev": "b885baad531fa3d3beae2ba9a0712d22974d8016",
        "type": "github"
      },
      "original": {
        "owner": "nix-community",
        "repo": "home-manager",
        "type": "github"
      }
    },
    "home-manager_3": {
      "inputs": {
        "nixpkgs": [
          "yazelix",
          "nixpkgs"
        ]
      },
      "locked": {
        "lastModified": 1777004352,
        "narHash": "sha256-SV+9PgNwZ8jHVCjK6YaCBzaheLSW7cDnm5DpOYrD8Vw=",
        "owner": "nix-community",
        "repo": "home-manager",
        "rev": "6012cf1fed3eba66115f3fd117b9be6bd2a15b2f",
        "type": "github"
      },
      "original": {
        "owner": "nix-community",
        "repo": "home-manager",
        "type": "github"
      }
    },
    "hs-todo": {
      "inputs": {
        "nixpkgs": [
          "zaphkiel",
          "nixpkgs"
        ],
        "systems": [
          "zaphkiel",
          "systems"
        ]
      },
      "locked": {
        "lastModified": 1761219541,
        "narHash": "sha256-f78KHuj8MGqJhCM05nrPe8vLpbdBo7HPOzJN/giAecY=",
        "owner": "Rexcrazy804",
        "repo": "haskell-todo",
        "rev": "4cfcb456af2fd41eea891860fa8ae18e4b965ec8",
        "type": "github"
      },
      "original": {
        "owner": "Rexcrazy804",
        "repo": "haskell-todo",
        "type": "github"
      }
    },
    "mars": {
      "inputs": {
        "flake-parts": "flake-parts",
        "nixpkgs": [
          "yazelix",
          "nixpkgs"
        ],
        "rust-overlay": "rust-overlay",
        "systems": "systems_3"
      },
      "locked": {
        "lastModified": 1782176900,
        "narHash": "sha256-xyDCi4xI7qDs18ZN8OpUX9e3Kb/d50hiDRYr3UJfPfg=",
        "owner": "luccahuguet",
        "repo": "mars",
        "rev": "03d108562a7619f5248abb3f739cc735e2ce9935",
        "type": "github"
      },
      "original": {
        "owner": "luccahuguet",
        "repo": "mars",
        "type": "github"
      }
    },
    "mnw": {
      "locked": {
        "lastModified": 1780772958,
        "narHash": "sha256-VKKe8r4pwCGWZ3Yr9CPN129R4S3CKLSrlYqdYz3vKpM=",
        "owner": "Gerg-L",
        "repo": "mnw",
        "rev": "0871dbf63a53610c95db04439ed8ea4d6ec9c160",
        "type": "github"
      },
      "original": {
        "owner": "Gerg-L",
        "repo": "mnw",
        "type": "github"
      }
    },
    "nixgl": {
      "inputs": {
        "flake-utils": "flake-utils_3",
        "nixpkgs": "nixpkgs_4"
      },
      "locked": {
        "lastModified": 1762090880,
        "narHash": "sha256-fbRQzIGPkjZa83MowjbD2ALaJf9y6KMDdJBQMKFeY/8=",
        "owner": "guibou",
        "repo": "nixGL",
        "rev": "b6105297e6f0cd041670c3e8628394d4ee247ed5",
        "type": "github"
      },
      "original": {
        "owner": "guibou",
        "repo": "nixGL",
        "type": "github"
      }
    },
    "nixos-wsl": {
      "inputs": {
        "flake-compat": [
          "zaphkiel"
        ],
        "nixpkgs": [
          "zaphkiel",
          "nixpkgs"
        ]
      },
      "locked": {
        "lastModified": 1781182279,
        "narHash": "sha256-V5EQQbDnmdiXGQXrEF1PEL7QYsFqfH8N1E89Z5ONwFk=",
        "owner": "nix-community",
        "repo": "nixos-wsl",
        "rev": "5675822ba756e6e56f8f6a5a76e90e0da2ece94d",
        "type": "github"
      },
      "original": {
        "owner": "nix-community",
        "repo": "nixos-wsl",
        "type": "github"
      }
    },
    "nixpkgs": {
      "locked": {
        "lastModified": 1751984180,
        "narHash": "sha256-LwWRsENAZJKUdD3SpLluwDmdXY9F45ZEgCb0X+xgOL0=",
        "owner": "nixos",
        "repo": "nixpkgs",
        "rev": "9807714d6944a957c2e036f84b0ff8caf9930bc0",
        "type": "github"
      },
      "original": {
        "owner": "nixos",
        "ref": "nixos-unstable",
        "repo": "nixpkgs",
        "type": "github"
      }
    },
    "nixpkgs-lib": {
      "locked": {
        "lastModified": 1777168982,
        "narHash": "sha256-GOkGPcboWE9BmGCRMLX3worL4EMnsnG8MyKmXNeYuhQ=",
        "owner": "nix-community",
        "repo": "nixpkgs.lib",
        "rev": "f5901329dade4a6ea039af1433fb087bd9c1fe14",
        "type": "github"
      },
      "original": {
        "owner": "nix-community",
        "repo": "nixpkgs.lib",
        "type": "github"
      }
    },
    "nixpkgs_2": {
      "locked": {
        "lastModified": 1782723713,
        "narHash": "sha256-oPXCU/SSUokcGaJREHibG1CBX3+s/W7orDWQOZDsEeQ=",
        "owner": "NixOS",
        "repo": "nixpkgs",
        "rev": "b5aa0fbd538984f6e3d201be0005b4463d8b09f8",
        "type": "github"
      },
      "original": {
        "owner": "NixOS",
        "ref": "nixos-unstable",
        "repo": "nixpkgs",
        "type": "github"
      }
    },
    "nixpkgs_3": {
      "locked": {
        "lastModified": 1782959384,
        "narHash": "sha256-xnJJk+ct+D2+wdRxj1wk36w5zV9RVESwRqcklPdt3fM=",
        "owner": "NixOS",
        "repo": "nixpkgs",
        "rev": "65179426c83bb3f6bc14898b42ea1c6f01d374b0",
        "type": "github"
      },
      "original": {
        "owner": "NixOS",
        "ref": "nixos-unstable",
        "repo": "nixpkgs",
        "type": "github"
      }
    },
    "nixpkgs_4": {
      "locked": {
        "lastModified": 1746378225,
        "narHash": "sha256-OeRSuL8PUjIfL3Q0fTbNJD/fmv1R+K2JAOqWJd3Oceg=",
        "owner": "nixos",
        "repo": "nixpkgs",
        "rev": "93e8cdce7afc64297cfec447c311470788131cd9",
        "type": "github"
      },
      "original": {
        "owner": "nixos",
        "repo": "nixpkgs",
        "type": "github"
      }
    },
    "quickshell": {
      "inputs": {
        "nixpkgs": [
          "nixpkgs"
        ]
      },
      "locked": {
        "lastModified": 1782811879,
        "narHash": "sha256-7YAUrV8YoDFnvOtFAGzdMVgNh25h7nOg3PxjRmLAHaE=",
        "ref": "refs/heads/master",
        "rev": "1661ef100a431a470ed2c42e6d06539b77edf826",
        "revCount": 825,
        "type": "git",
        "url": "https://git.outfoxxed.me/outfoxxed/quickshell"
      },
      "original": {
        "type": "git",
        "url": "https://git.outfoxxed.me/outfoxxed/quickshell"
      }
    },
    "rexies-nix-templates": {
      "locked": {
        "lastModified": 1782032888,
        "narHash": "sha256-LgOxRkIj3gz5q8e0w5+956bq6kza8opb3BtyY2IBnmg=",
        "ref": "refs/heads/main",
        "rev": "cc377b3f6631314ea6ad9fe5cccd9169287ef8e3",
        "revCount": 5,
        "type": "git",
        "url": "https://knot1.tangled.sh/did:plc:wt3htnckfbtguzsme2riaxoh"
      },
      "original": {
        "type": "git",
        "url": "https://knot1.tangled.sh/did:plc:wt3htnckfbtguzsme2riaxoh"
      }
    },
    "root": {
      "inputs": {
        "caelestia": "caelestia",
        "chaotic": "chaotic",
        "home-manager": "home-manager_2",
        "nixpkgs": "nixpkgs_3",
        "quickshell": "quickshell",
        "steel-plugin-nix": "steel-plugin-nix",
        "yazelix": "yazelix",
        "zaphkiel": "zaphkiel"
      }
    },
    "rust-analyzer-src": {
      "flake": false,
      "locked": {
        "lastModified": 1780179631,
        "narHash": "sha256-61A3gj4V1DyPP6lVHTdui4+dvG66pkMZSMd1Kke3Rz8=",
        "owner": "rust-lang",
        "repo": "rust-analyzer",
        "rev": "cce33f2f1565958787bb763ae751a6a5f56b95e3",
        "type": "github"
      },
      "original": {
        "owner": "rust-lang",
        "ref": "nightly",
        "repo": "rust-analyzer",
        "type": "github"
      }
    },
    "rust-overlay": {
      "inputs": {
        "nixpkgs": [
          "yazelix",
          "mars",
          "nixpkgs"
        ]
      },
      "locked": {
        "lastModified": 1781320681,
        "narHash": "sha256-mjJ/VxJaIkgcUvKANgKOaaN5M1X1X+6NjCP0C5hw0WI=",
        "owner": "oxalica",
        "repo": "rust-overlay",
        "rev": "5b929d8c854149d926d05ea0cd6469bf4e54db27",
        "type": "github"
      },
      "original": {
        "owner": "oxalica",
        "repo": "rust-overlay",
        "type": "github"
      }
    },
    "rust-overlay_2": {
      "inputs": {
        "nixpkgs": [
          "yazelix",
          "yazelixHelix",
          "nixpkgs"
        ]
      },
      "locked": {
        "lastModified": 1775358767,
        "narHash": "sha256-f2eC+WIfhjevCPQILuV08i/kmKZzYZpUvkom/33VxCA=",
        "owner": "oxalica",
        "repo": "rust-overlay",
        "rev": "20fd44bc663daa53a2575e01293e24e681d62244",
        "type": "github"
      },
      "original": {
        "owner": "oxalica",
        "repo": "rust-overlay",
        "type": "github"
      }
    },
    "rust-overlay_3": {
      "inputs": {
        "nixpkgs": [
          "yazelix",
          "zjstatus",
          "nixpkgs"
        ]
      },
      "locked": {
        "lastModified": 1776395632,
        "narHash": "sha256-Mi1uF5f2FsdBIvy+v7MtsqxD3Xjhd0ARJdwoqqqPtJo=",
        "owner": "oxalica",
        "repo": "rust-overlay",
        "rev": "8087ff1f47fff983a1fba70fa88b759f2fd8ae97",
        "type": "github"
      },
      "original": {
        "owner": "oxalica",
        "repo": "rust-overlay",
        "type": "github"
      }
    },
    "stash": {
      "inputs": {
        "crane": [
          "zaphkiel",
          "crane"
        ],
        "nixpkgs": [
          "zaphkiel",
          "nixpkgs"
        ]
      },
      "locked": {
        "lastModified": 1781683908,
        "narHash": "sha256-vS9VAkDHYAM+G+UTXKg7STe1XwrbSlsTQ6UhDaVDWfE=",
        "owner": "notashelf",
        "repo": "stash",
        "rev": "6413449c45333a64968bb338b35a00ecb05b1ed7",
        "type": "github"
      },
      "original": {
        "owner": "notashelf",
        "repo": "stash",
        "type": "github"
      }
    },
    "steel-plugin-nix": {
      "inputs": {
        "nixpkgs": [
          "nixpkgs"
        ]
      },
      "locked": {
        "lastModified": 1783091668,
        "narHash": "sha256-rloMCDMm6nOIdmravaS/jiO+RDCJDerzQfmiXMTIYIA=",
        "ref": "refs/heads/main",
        "rev": "1c50ab03a50408d94a1abd6b9c477672344a89b0",
        "revCount": 7,
        "type": "git",
        "url": "https://git.dan-gilmour.com/dan/steel-plugin-nix.git"
      },
      "original": {
        "type": "git",
        "url": "https://git.dan-gilmour.com/dan/steel-plugin-nix.git"
      }
    },
    "systems": {
      "locked": {
        "lastModified": 1681028828,
        "narHash": "sha256-Vy1rq5AaRuLzOxct8nz4T6wlgyUR7zLU309k9mBC768=",
        "owner": "nix-systems",
        "repo": "default",
        "rev": "da67096a3b9bf56a91d16901293e51ba5b49a27e",
        "type": "github"
      },
      "original": {
        "owner": "nix-systems",
        "repo": "default",
        "type": "github"
      }
    },
    "systems_2": {
      "locked": {
        "lastModified": 1681028828,
        "narHash": "sha256-Vy1rq5AaRuLzOxct8nz4T6wlgyUR7zLU309k9mBC768=",
        "owner": "nix-systems",
        "repo": "default",
        "rev": "da67096a3b9bf56a91d16901293e51ba5b49a27e",
        "type": "github"
      },
      "original": {
        "owner": "nix-systems",
        "repo": "default",
        "type": "github"
      }
    },
    "systems_3": {
      "locked": {
        "lastModified": 1681028828,
        "narHash": "sha256-Vy1rq5AaRuLzOxct8nz4T6wlgyUR7zLU309k9mBC768=",
        "owner": "nix-systems",
        "repo": "default",
        "rev": "da67096a3b9bf56a91d16901293e51ba5b49a27e",
        "type": "github"
      },
      "original": {
        "owner": "nix-systems",
        "repo": "default",
        "type": "github"
      }
    },
    "systems_4": {
      "locked": {
        "lastModified": 1681028828,
        "narHash": "sha256-Vy1rq5AaRuLzOxct8nz4T6wlgyUR7zLU309k9mBC768=",
        "owner": "nix-systems",
        "repo": "default",
        "rev": "da67096a3b9bf56a91d16901293e51ba5b49a27e",
        "type": "github"
      },
      "original": {
        "owner": "nix-systems",
        "repo": "default",
        "type": "github"
      }
    },
    "systems_5": {
      "locked": {
        "lastModified": 1681028828,
        "narHash": "sha256-Vy1rq5AaRuLzOxct8nz4T6wlgyUR7zLU309k9mBC768=",
        "owner": "nix-systems",
        "repo": "default",
        "rev": "da67096a3b9bf56a91d16901293e51ba5b49a27e",
        "type": "github"
      },
      "original": {
        "owner": "nix-systems",
        "repo": "default",
        "type": "github"
      }
    },
    "systems_6": {
      "locked": {
        "lastModified": 1681028828,
        "narHash": "sha256-Vy1rq5AaRuLzOxct8nz4T6wlgyUR7zLU309k9mBC768=",
        "owner": "nix-systems",
        "repo": "default",
        "rev": "da67096a3b9bf56a91d16901293e51ba5b49a27e",
        "type": "github"
      },
      "original": {
        "owner": "nix-systems",
        "repo": "default",
        "type": "github"
      }
    },
    "systems_7": {
      "locked": {
        "lastModified": 1681028828,
        "narHash": "sha256-Vy1rq5AaRuLzOxct8nz4T6wlgyUR7zLU309k9mBC768=",
        "owner": "nix-systems",
        "repo": "default",
        "rev": "da67096a3b9bf56a91d16901293e51ba5b49a27e",
        "type": "github"
      },
      "original": {
        "owner": "nix-systems",
        "repo": "default",
        "type": "github"
      }
    },
    "systems_8": {
      "locked": {
        "lastModified": 1680978846,
        "narHash": "sha256-Gtqg8b/v49BFDpDetjclCYXm8mAnTrUzR0JnE2nv5aw=",
        "owner": "nix-systems",
        "repo": "x86_64-linux",
        "rev": "2ecfcac5e15790ba6ce360ceccddb15ad16d08a8",
        "type": "github"
      },
      "original": {
        "owner": "nix-systems",
        "repo": "x86_64-linux",
        "type": "github"
      }
    },
    "yazelix": {
      "inputs": {
        "fenix": "fenix",
        "home-manager": "home-manager_3",
        "mars": "mars",
        "nixgl": "nixgl",
        "nixpkgs": [
          "nixpkgs"
        ],
        "yazelixCursors": "yazelixCursors",
        "yazelixHelix": "yazelixHelix",
        "yazelixScreen": "yazelixScreen",
        "yazelixYaziAssets": "yazelixYaziAssets",
        "yazelixZellij": "yazelixZellij",
        "yazelixZellijBar": "yazelixZellijBar",
        "yazelixZellijPaneOrchestrator": "yazelixZellijPaneOrchestrator",
        "yazelixZellijPopup": "yazelixZellijPopup",
        "zjstatus": "zjstatus"
      },
      "locked": {
        "lastModified": 1783044785,
        "narHash": "sha256-XQl/hxGg3HOXeuLDK0b59kAPRATsFK9acttRslynPYc=",
        "owner": "luccahuguet",
        "repo": "yazelix",
        "rev": "e5146eca409810e8788b3cd9bf53ad4e6b87b324",
        "type": "github"
      },
      "original": {
        "owner": "luccahuguet",
        "repo": "yazelix",
        "type": "github"
      }
    },
    "yazelixCursors": {
      "inputs": {
        "fenix": [
          "yazelix",
          "fenix"
        ],
        "nixpkgs": [
          "yazelix",
          "nixpkgs"
        ]
      },
      "locked": {
        "lastModified": 1782603984,
        "narHash": "sha256-lgs+e/rm/WTXHM2veZFiswKxO8H6zCrdiv0uYhGdZeQ=",
        "owner": "luccahuguet",
        "repo": "yazelix-cursors",
        "rev": "98ddd8b280b8efa67adcb3d14f8de16c13ee18fe",
        "type": "github"
      },
      "original": {
        "owner": "luccahuguet",
        "repo": "yazelix-cursors",
        "type": "github"
      }
    },
    "yazelixHelix": {
      "inputs": {
        "nixpkgs": [
          "yazelix",
          "nixpkgs"
        ],
        "rust-overlay": "rust-overlay_2"
      },
      "locked": {
        "lastModified": 1783043589,
        "narHash": "sha256-yc+8cGZ9Er4u7WQxUqmDF7wkINRD3APggP5mVT5d/CE=",
        "owner": "luccahuguet",
        "repo": "yazelix-helix",
        "rev": "b0e2489e5a47bfc00fe61f2222ffc39d8859e563",
        "type": "github"
      },
      "original": {
        "owner": "luccahuguet",
        "repo": "yazelix-helix",
        "type": "github"
      }
    },
    "yazelixScreen": {
      "inputs": {
        "fenix": [
          "yazelix",
          "fenix"
        ],
        "nixpkgs": [
          "yazelix",
          "nixpkgs"
        ]
      },
      "locked": {
        "lastModified": 1781531706,
        "narHash": "sha256-e8qM6kzHUNMsbBBQ21QJEAgJp5rqytDiXVIJmGaY9SE=",
        "owner": "luccahuguet",
        "repo": "yazelix-screen",
        "rev": "9dc52f7112e249e0f51effdb84370d46e143379c",
        "type": "github"
      },
      "original": {
        "owner": "luccahuguet",
        "repo": "yazelix-screen",
        "type": "github"
      }
    },
    "yazelixYaziAssets": {
      "inputs": {
        "nixpkgs": [
          "yazelix",
          "nixpkgs"
        ]
      },
      "locked": {
        "lastModified": 1782181917,
        "narHash": "sha256-TdRmbtfCyPjKd+jYtUqrUIHSb703a2cz3rfa9lqWZZI=",
        "owner": "luccahuguet",
        "repo": "yazelix-yazi-assets",
        "rev": "aea0703247479e1fa373be6b305e24e568cb30c7",
        "type": "github"
      },
      "original": {
        "owner": "luccahuguet",
        "repo": "yazelix-yazi-assets",
        "type": "github"
      }
    },
    "yazelixZellij": {
      "flake": false,
      "locked": {
        "lastModified": 1782401152,
        "narHash": "sha256-DY9SpuYdm5YEg+TirU5W0zldoO4tW3gltlBx/3k0ZfU=",
        "owner": "luccahuguet",
        "repo": "yazelix-zellij",
        "rev": "addea0e9ff930763e3527ddc061be917f8d12631",
        "type": "github"
      },
      "original": {
        "owner": "luccahuguet",
        "ref": "yazelix_kgp_preview",
        "repo": "yazelix-zellij",
        "type": "github"
      }
    },
    "yazelixZellijBar": {
      "inputs": {
        "fenix": [
          "yazelix",
          "fenix"
        ],
        "nixpkgs": [
          "yazelix",
          "nixpkgs"
        ],
        "zjstatus": [
          "yazelix",
          "zjstatus"
        ]
      },
      "locked": {
        "lastModified": 1782357550,
        "narHash": "sha256-Dn2NXkr7/pDbi5CeBCsl6lr/Zc9I0UbjgMPbBaCSjGk=",
        "owner": "luccahuguet",
        "repo": "yazelix-zellij-bar",
        "rev": "7ceee67628b087cb16b5e7e9c1ce8e3eef63b2d8",
        "type": "github"
      },
      "original": {
        "owner": "luccahuguet",
        "repo": "yazelix-zellij-bar",
        "type": "github"
      }
    },
    "yazelixZellijPaneOrchestrator": {
      "inputs": {
        "fenix": [
          "yazelix",
          "fenix"
        ],
        "flake-utils": "flake-utils_4",
        "nixpkgs": [
          "yazelix",
          "nixpkgs"
        ]
      },
      "locked": {
        "lastModified": 1782357544,
        "narHash": "sha256-oJm2MtGWPPNl/V9kNIJRVSbK7/JNAKCjGQX12RwaDmg=",
        "owner": "luccahuguet",
        "repo": "yazelix-zellij-pane-orchestrator",
        "rev": "8cea8ec49a6ebda7c73f18d50ea9bd7eb19cfc51",
        "type": "github"
      },
      "original": {
        "owner": "luccahuguet",
        "repo": "yazelix-zellij-pane-orchestrator",
        "type": "github"
      }
    },
    "yazelixZellijPopup": {
      "inputs": {
        "fenix": [
          "yazelix",
          "fenix"
        ],
        "flake-utils": "flake-utils_5",
        "nixpkgs": [
          "yazelix",
          "nixpkgs"
        ]
      },
      "locked": {
        "lastModified": 1781623826,
        "narHash": "sha256-4d94um+9fLS3cBraz/YhXNjMJ8Em+ttLU3uU908D4GM=",
        "owner": "luccahuguet",
        "repo": "yazelix-zellij-popup",
        "rev": "7b7af62bcbc8f8d3166ed0b29cf2687b2cae73cd",
        "type": "github"
      },
      "original": {
        "owner": "luccahuguet",
        "repo": "yazelix-zellij-popup",
        "type": "github"
      }
    },
    "zaphkiel": {
      "inputs": {
        "agenix": "agenix",
        "booru-hs": "booru-hs",
        "crane": "crane_2",
        "hjem": "hjem",
        "hjem-impure": "hjem-impure",
        "hs-todo": "hs-todo",
        "mnw": "mnw",
        "nixos-wsl": "nixos-wsl",
        "nixpkgs": [
          "nixpkgs"
        ],
        "rexies-nix-templates": "rexies-nix-templates",
        "stash": "stash",
        "systems": "systems_8"
      },
      "locked": {
        "lastModified": 1782034703,
        "narHash": "sha256-ASEQ9L+7NSBoLFmE4w5vqveDtxdkO6WjxE9NaHOqiL0=",
        "owner": "Rexcrazy804",
        "repo": "Zaphkiel",
        "rev": "e537d845920e6503b4b0eb785de5c8386ea5c478",
        "type": "github"
      },
      "original": {
        "owner": "Rexcrazy804",
        "repo": "Zaphkiel",
        "type": "github"
      }
    },
    "zjstatus": {
      "inputs": {
        "crane": "crane",
        "flake-utils": "flake-utils_6",
        "nixpkgs": [
          "yazelix",
          "nixpkgs"
        ],
        "rust-overlay": "rust-overlay_3"
      },
      "locked": {
        "lastModified": 1782358083,
        "narHash": "sha256-sqWO3wC6cshWnRD3bQ7IZYh9pxKGZrFvVEGrdFXf6/A=",
        "owner": "luccahuguet",
        "repo": "zjstatus",
        "rev": "524a6bf26ff15b0fa057e74a69aafba17efa3801",
        "type": "github"
      },
      "original": {
        "owner": "luccahuguet",
        "ref": "yazelix-tab-activity-pipe",
        "repo": "zjstatus",
        "type": "github"
      }
    }
  },
  "root": "root",
  "version": 7
}
