{
  "nodes": {
    "agenix": {
      "inputs": {
        "darwin": [
          "zaphkiel"
        ],
        "home-manager": [
          "zaphkiel"
        ],
        "nixpkgs": [
          "zaphkiel",
          "nixpkgs"
        ],
        "systems": [
          "zaphkiel",
          "systems"
        ]
      },
      "locked": {
        "lastModified": 1770165109,
        "narHash": "sha256-9VnK6Oqai65puVJ4WYtCTvlJeXxMzAp/69HhQuTdl/I=",
        "owner": "ryantm",
        "repo": "agenix",
        "rev": "b027ee29d959fda4b60b57566d64c98a202e0feb",
        "type": "github"
      },
      "original": {
        "owner": "ryantm",
        "repo": "agenix",
        "type": "github"
      }
    },
    "autoLayoutYazi": {
      "flake": false,
      "locked": {
        "lastModified": 1787462116,
        "narHash": "sha256-Y0Gf4enHkcj7F+ePhk/WK75+WycyecZIpHK9ihz2fdY=",
        "owner": "Yazelix",
        "repo": "auto-layout.yazi",
        "rev": "6c4be74524e821e7a06aeb2f4d85a031c468def0",
        "type": "github"
      },
      "original": {
        "owner": "Yazelix",
        "repo": "auto-layout.yazi",
        "rev": "6c4be74524e821e7a06aeb2f4d85a031c468def0",
        "type": "github"
      }
    },
    "booru-hs": {
      "inputs": {
        "nixpkgs": [
          "zaphkiel",
          "nixpkgs"
        ],
        "systems": [
          "zaphkiel",
          "systems"
        ]
      },
      "locked": {
        "lastModified": 1761219102,
        "narHash": "sha256-o5U0lJ9ZIHHPDLUDDUEYVQWGucIFVJTBQcRXpQyWsOw=",
        "owner": "Rexcrazy804",
        "repo": "booru.hs",
        "rev": "f24a9a89bae3bdfb635e61f40874652dfb76d6c5",
        "type": "github"
      },
      "original": {
        "owner": "Rexcrazy804",
        "repo": "booru.hs",
        "type": "github"
      }
    },
    "caelestia": {
      "inputs": {
        "caelestia-cli": "caelestia-cli",
        "m3shapes": "m3shapes",
        "nixpkgs": "nixpkgs",
        "quickshell": "quickshell"
      },
      "locked": {
        "lastModified": 1789883688,
        "narHash": "sha256-aqL6V2OAnojfKZA3710jROb1eqbrXpMzDFOqhYFemlQ=",
        "owner": "caelestia-dots",
        "repo": "shell",
        "rev": "20e625d6bf1a9d0bb7625a4bb814797d187b075d",
        "type": "github"
      },
      "original": {
        "owner": "caelestia-dots",
        "repo": "shell",
        "type": "github"
      }
    },
    "caelestia-cli": {
      "inputs": {
        "caelestia-shell": [
          "caelestia"
        ],
        "nixpkgs": [
          "caelestia",
          "nixpkgs"
        ]
      },
      "locked": {
        "lastModified": 1789791029,
        "narHash": "sha256-Zdq+9O6+vyefqCusS9gGHaaFqbR6cRNcZJ1c/OkHaic=",
        "owner": "caelestia-dots",
        "repo": "cli",
        "rev": "0cd3a819638846623d4c923fd7a5f5fc5972a7d0",
        "type": "github"
      },
      "original": {
        "owner": "caelestia-dots",
        "repo": "cli",
        "type": "github"
      }
    },
    "chaotic": {
      "inputs": {
        "flake-schemas": "flake-schemas",
        "home-manager": "home-manager",
        "nixpkgs": "nixpkgs_2"
      },
      "locked": {
        "lastModified": 1790325686,
        "narHash": "sha256-p4zTQ8G70PnBdUKc1434660QlmpNGSdMHW33gf479l4=",
        "owner": "chaotic-cx",
        "repo": "nyx",
        "rev": "4596cad5fbb97b8402b91568532e93310ee37848",
        "type": "github"
      },
      "original": {
        "owner": "chaotic-cx",
        "ref": "nyxpkgs-unstable",
        "repo": "nyx",
        "type": "github"
      }
    },
    "crane": {
      "locked": {
        "lastModified": 1781825982,
        "narHash": "sha256-SlXKwIRIhrOSAcTjCB3ftPLzJWZStQIPS7J1FlZPnKk=",
        "owner": "ipetkov",
        "repo": "crane",
        "rev": "469fd08d0bcf6926321fa973c6777fbc87785dd7",
        "type": "github"
      },
      "original": {
        "owner": "ipetkov",
        "repo": "crane",
        "type": "github"
      }
    },
    "crane_2": {
      "locked": {
        "lastModified": 1776396856,
        "narHash": "sha256-aRJpIJUlZLaf06ekPvqjuU46zvO9K90IxJGpbqodkPs=",
        "owner": "ipetkov",
        "repo": "crane",
        "rev": "28462d6d55c33206ffa5a56c7907ca3125ed788f",
        "type": "github"
      },
      "original": {
        "owner": "ipetkov",
        "repo": "crane",
        "type": "github"
      }
    },
    "crane_3": {
      "locked": {
        "lastModified": 1787326676,
        "narHash": "sha256-lWhBbBvC05/xwivKBBiM2YNizpmgqCgyOIzomvRuwxs=",
        "owner": "ipetkov",
        "repo": "crane",
        "rev": "692f7e9ef2ece8125b466f66f2af532b3edaed0d",
        "type": "github"
      },
      "original": {
        "owner": "ipetkov",
        "repo": "crane",
        "type": "github"
      }
    },
    "dank-material-shell": {
      "inputs": {
        "dank-qml-common": "dank-qml-common",
        "flake-compat": "flake-compat",
        "nixpkgs": [
          "nixpkgs"
        ]
      },
      "locked": {
        "lastModified": 1790390751,
        "narHash": "sha256-lZ5iDWYonUXQ47/ZGElbi71Z4QiQkfu8a08x55wa4M4=",
        "owner": "AvengeMedia",
        "repo": "DankMaterialShell",
        "rev": "1fc4537894ab17d381cd3e9acf1c701f0262676e",
        "type": "github"
      },
      "original": {
        "owner": "AvengeMedia",
        "repo": "DankMaterialShell",
        "type": "github"
      }
    },
    "dank-qml-common": {
      "flake": false,
      "locked": {
        "lastModified": 1790386421,
        "narHash": "sha256-3jc0FpT1hRl+AiYwxxcp6frmXHwbuf/yhWnSMp3TWTk=",
        "owner": "AvengeMedia",
        "repo": "dank-qml-common",
        "rev": "bc4c94659adfaef960339dff8f2c91a185fbf991",
        "type": "github"
      },
      "original": {
        "owner": "AvengeMedia",
        "repo": "dank-qml-common",
        "type": "github"
      }
    },
    "dms-registry": {
      "flake": false,
      "locked": {
        "lastModified": 1790383430,
        "narHash": "sha256-MuzaMuQ4krPk6UJ0vOa0Uh32qyjWn2TRiJcWLCfCm4Q=",
        "owner": "AvengeMedia",
        "repo": "dms-plugin-registry",
        "rev": "889c4720d8d962ab717ae2053c2cf1833ea74e65",
        "type": "github"
      },
      "original": {
        "owner": "AvengeMedia",
        "repo": "dms-plugin-registry",
        "type": "github"
      }
    },
    "fenix": {
      "inputs": {
        "nixpkgs": [
          "nixpkgs"
        ],
        "rust-analyzer-src": "rust-analyzer-src"
      },
      "locked": {
        "lastModified": 1790335941,
        "narHash": "sha256-eTMQK7tXCCaEuTr0cHjEQXaqFIngqK78sU4OX9lZCS0=",
        "owner": "nix-community",
        "repo": "fenix",
        "rev": "529de6f9a0c6721ae2a69d5719bbb803390e7b86",
        "type": "github"
      },
      "original": {
        "owner": "nix-community",
        "repo": "fenix",
        "type": "github"
      }
    },
    "fenix_2": {
      "inputs": {
        "nixpkgs": [
          "yazelix",
          "nixpkgs"
        ],
        "rust-analyzer-src": "rust-analyzer-src_2"
      },
      "locked": {
        "lastModified": 1782466855,
        "narHash": "sha256-bwsDmfzMePRXB1ZipFIQMQTPEvkhx8Nmii9PHUhmz5w=",
        "owner": "nix-community",
        "repo": "fenix",
        "rev": "864c8bb629a4b6cdfd2ac0fc0e8c407529514aed",
        "type": "github"
      },
      "original": {
        "owner": "nix-community",
        "repo": "fenix",
        "rev": "864c8bb629a4b6cdfd2ac0fc0e8c407529514aed",
        "type": "github"
      }
    },
    "fenix_3": {
      "inputs": {
        "nixpkgs": [
          "yazelix",
          "novaBar",
          "nixpkgs"
        ],
        "rust-analyzer-src": "rust-analyzer-src_3"
      },
      "locked": {
        "lastModified": 1777969788,
        "narHash": "sha256-8sr3w0KyQ0K7TEd8pYwYrxiDk0GZ4A7iIcl1lsxlzVM=",
        "owner": "nix-community",
        "repo": "fenix",
        "rev": "3abc2d5559f4dc30c710ab152abcb4cb60b561ba",
        "type": "github"
      },
      "original": {
        "owner": "nix-community",
        "repo": "fenix",
        "type": "github"
      }
    },
    "fenix_4": {
      "inputs": {
        "nixpkgs": [
          "yazelix",
          "zjRadar",
          "nixpkgs"
        ],
        "rust-analyzer-src": "rust-analyzer-src_4"
      },
      "locked": {
        "lastModified": 1782466855,
        "narHash": "sha256-bwsDmfzMePRXB1ZipFIQMQTPEvkhx8Nmii9PHUhmz5w=",
        "owner": "nix-community",
        "repo": "fenix",
        "rev": "864c8bb629a4b6cdfd2ac0fc0e8c407529514aed",
        "type": "github"
      },
      "original": {
        "owner": "nix-community",
        "repo": "fenix",
        "type": "github"
      }
    },
    "flake-compat": {
      "flake": false,
      "locked": {
        "lastModified": 1767039857,
        "narHash": "sha256-vNpUSpF5Nuw8xvDLj2KCwwksIbjua2LZCqhV1LNRDns=",
        "owner": "NixOS",
        "repo": "flake-compat",
        "rev": "5edf11c44bc78a0d334f6334cdaf7d60d732daab",
        "type": "github"
      },
      "original": {
        "owner": "NixOS",
        "repo": "flake-compat",
        "type": "github"
      }
    },
    "flake-parts": {
      "inputs": {
        "nixpkgs-lib": "nixpkgs-lib"
      },
      "locked": {
        "lastModified": 1782949081,
        "narHash": "sha256-vp6Y/Grm98ESt6ceOkWiHWyZRDV3J1RID4w+6NWK9yA=",
        "owner": "hercules-ci",
        "repo": "flake-parts",
        "rev": "17c9d6cdfc60c64f4ee8d306f9bc0b4ccb51481e",
        "type": "github"
      },
      "original": {
        "owner": "hercules-ci",
        "repo": "flake-parts",
        "type": "github"
      }
    },
    "flake-parts_2": {
      "inputs": {
        "nixpkgs-lib": "nixpkgs-lib_2"
      },
      "locked": {
        "lastModified": 1782949081,
        "narHash": "sha256-vp6Y/Grm98ESt6ceOkWiHWyZRDV3J1RID4w+6NWK9yA=",
        "owner": "hercules-ci",
        "repo": "flake-parts",
        "rev": "17c9d6cdfc60c64f4ee8d306f9bc0b4ccb51481e",
        "type": "github"
      },
      "original": {
        "owner": "hercules-ci",
        "repo": "flake-parts",
        "type": "github"
      }
    },
    "flake-schemas": {
      "locked": {
        "lastModified": 1780327564,
        "narHash": "sha256-HiRPtA0spK+Dkgbhz/1zW9glXxNVB+L4Rj2VYmdawb8=",
        "rev": "6cc9bd98891b1fc6bb2b8cb3277df8bc72799ca6",
        "revCount": 149,
        "type": "tarball",
        "url": "https://api.flakehub.com/f/pinned/DeterminateSystems/flake-schemas/0.5.0/019e83cf-9af3-78b1-ac5b-70e68ad1efe1/source.tar.gz"
      },
      "original": {
        "type": "tarball",
        "url": "https://flakehub.com/f/DeterminateSystems/flake-schemas/%3D0.5.0.tar.gz"
      }
    },
    "flake-utils": {
      "inputs": {
        "systems": "systems_3"
      },
      "locked": {
        "lastModified": 1731533236,
        "narHash": "sha256-l0KFg5HjrsfsO/JpG+r7fRrqm12kzFHyUHqHCVpMMbI=",
        "owner": "numtide",
        "repo": "flake-utils",
        "rev": "11707dc2f618dd54ca8739b309ec4fc024de578b",
        "type": "github"
      },
      "original": {
        "owner": "numtide",
        "repo": "flake-utils",
        "type": "github"
      }
    },
    "gitYazi": {
      "flake": false,
      "locked": {
        "lastModified": 1787402219,
        "narHash": "sha256-16QrkNkTMVfmjVqnIYsCGlw6jBDstPhOTnuWgyL+i9s=",
        "owner": "yazi-rs",
        "repo": "plugins",
        "rev": "72f9e3c007956c122d8657f6d39c78e7585a4718",
        "type": "github"
      },
      "original": {
        "owner": "yazi-rs",
        "repo": "plugins",
        "rev": "72f9e3c007956c122d8657f6d39c78e7585a4718",
        "type": "github"
      }
    },
    "glyphHx": {
      "flake": false,
      "locked": {
        "lastModified": 1785493362,
        "narHash": "sha256-TpYnGqROkKfoB9G+JTjADWvMtpRJbv4NVaTqiUfW1Eg=",
        "owner": "Ra77a3l3-jar",
        "repo": "glyph.hx",
        "rev": "1e63ccbc8f17511543412c955879ba672f3f8ec1",
        "type": "github"
      },
      "original": {
        "owner": "Ra77a3l3-jar",
        "repo": "glyph.hx",
        "rev": "1e63ccbc8f17511543412c955879ba672f3f8ec1",
        "type": "github"
      }
    },
    "hjem": {
      "inputs": {
        "nixpkgs": [
          "zaphkiel",
          "nixpkgs"
        ]
      },
      "locked": {
        "lastModified": 1787194407,
        "narHash": "sha256-hMgbN6InoW+S5G/cqGrVwHUmOJcGIT/yUg1Xe6y7t8Q=",
        "owner": "feel-co",
        "repo": "hjem",
        "rev": "7cd7f1c567beaf5527781e0b51647a98acde54e6",
        "type": "github"
      },
      "original": {
        "owner": "feel-co",
        "repo": "hjem",
        "type": "github"
      }
    },
    "hjem-impure": {
      "inputs": {
        "hjem": [
          "zaphkiel"
        ],
        "nixpkgs": [
          "zaphkiel"
        ]
      },
      "locked": {
        "lastModified": 1786164166,
        "narHash": "sha256-2S8BRs/a9ElePH7o7LSTib4t/oQ0p9sn/qjAP6BmTK8=",
        "owner": "Rexcrazy804",
        "repo": "hjem-impure",
        "rev": "206320fa7d060232f19c4d2831e66471d8e5d161",
        "type": "github"
      },
      "original": {
        "owner": "Rexcrazy804",
        "repo": "hjem-impure",
        "type": "github"
      }
    },
    "home-manager": {
      "inputs": {
        "nixpkgs": [
          "chaotic",
          "nixpkgs"
        ]
      },
      "locked": {
        "lastModified": 1790292277,
        "narHash": "sha256-z+knvdMItRrMonmG4RIsqKYIa/hwYUzKjotDTfC5DDc=",
        "owner": "nix-community",
        "repo": "home-manager",
        "rev": "4b9add8645d5e2b0f7de18f7a442d08fe2bdcc91",
        "type": "github"
      },
      "original": {
        "owner": "nix-community",
        "repo": "home-manager",
        "type": "github"
      }
    },
    "home-manager_2": {
      "inputs": {
        "nixpkgs": [
          "nixpkgs"
        ]
      },
      "locked": {
        "lastModified": 1790365885,
        "narHash": "sha256-iQ0ebhiVo64NktTnwft9hNxlFu4j5cvljVxyJaEVIP4=",
        "owner": "nix-community",
        "repo": "home-manager",
        "rev": "7b4c5ec4bedaf1e062bbc1bcaeddbc6bd242aa1b",
        "type": "github"
      },
      "original": {
        "owner": "nix-community",
        "repo": "home-manager",
        "type": "github"
      }
    },
    "home-manager_3": {
      "inputs": {
        "nixpkgs": [
          "yazelix",
          "nixpkgs"
        ]
      },
      "locked": {
        "lastModified": 1783005591,
        "narHash": "sha256-NcLHV5uBAeggDUE2wPbKszjfyaSLsoqaYt7izOphkZw=",
        "owner": "nix-community",
        "repo": "home-manager",
        "rev": "f469c79b955609d6a8fdd9e689be76a93b1621d7",
        "type": "github"
      },
      "original": {
        "owner": "nix-community",
        "repo": "home-manager",
        "type": "github"
      }
    },
    "hs-todo": {
      "inputs": {
        "nixpkgs": [
          "zaphkiel",
          "nixpkgs"
        ],
        "systems": [
          "zaphkiel",
          "systems"
        ]
      },
      "locked": {
        "lastModified": 1761219541,
        "narHash": "sha256-f78KHuj8MGqJhCM05nrPe8vLpbdBo7HPOzJN/giAecY=",
        "owner": "Rexcrazy804",
        "repo": "haskell-todo",
        "rev": "4cfcb456af2fd41eea891860fa8ae18e4b965ec8",
        "type": "github"
      },
      "original": {
        "owner": "Rexcrazy804",
        "repo": "haskell-todo",
        "type": "github"
      }
    },
    "kinestra": {
      "inputs": {
        "nixpkgs": "nixpkgs_4"
      },
      "locked": {
        "lastModified": 1788577505,
        "narHash": "sha256-GMHabp+fChj4ZZee51VwgpITd1T4FYjj67vYm/Pa0GU=",
        "owner": "Yazelix",
        "repo": "kinestra",
        "rev": "a7ca134d9c47f660e2a3f59d64f2225382fba9cd",
        "type": "github"
      },
      "original": {
        "owner": "Yazelix",
        "repo": "kinestra",
        "type": "github"
      }
    },
    "m3shapes": {
      "inputs": {
        "nixpkgs": [
          "caelestia",
          "nixpkgs"
        ]
      },
      "locked": {
        "lastModified": 1787906858,
        "narHash": "sha256-YZelgEZflFNwGutX4/tIzBdbOeghJgE2oDw0uWYGxns=",
        "owner": "soramanew",
        "repo": "m3shapes",
        "rev": "32ad9ce328bb77ed349b40a3be10ee9ea610b8ab",
        "type": "github"
      },
      "original": {
        "owner": "soramanew",
        "repo": "m3shapes",
        "rev": "32ad9ce328bb77ed349b40a3be10ee9ea610b8ab",
        "type": "github"
      }
    },
    "mnw": {
      "locked": {
        "lastModified": 1784154424,
        "narHash": "sha256-HRn4O1X2ShYtbq5Egji72/aemyc2cIQicjRZD9hBqM8=",
        "owner": "Gerg-L",
        "repo": "mnw",
        "rev": "0151d9fa87992cbeb67c86616fb9170dcec830b6",
        "type": "github"
      },
      "original": {
        "owner": "Gerg-L",
        "repo": "mnw",
        "type": "github"
      }
    },
    "nixos-wsl": {
      "inputs": {
        "flake-compat": [
          "zaphkiel"
        ],
        "nixpkgs": [
          "zaphkiel",
          "nixpkgs"
        ]
      },
      "locked": {
        "lastModified": 1784642409,
        "narHash": "sha256-hcbDqFuySAJawljt5r0sKBCJKYnbtGD0T/ZIozH1Dq0=",
        "owner": "nix-community",
        "repo": "nixos-wsl",
        "rev": "eaeb18da90024448a60eb1ec7132eafa4003404e",
        "type": "github"
      },
      "original": {
        "owner": "nix-community",
        "repo": "nixos-wsl",
        "type": "github"
      }
    },
    "nixpkgs": {
      "locked": {
        "lastModified": 1789785513,
        "narHash": "sha256-B44WL6h0XoLjJ41bUPJk0X5SDinLCII//6EcBLXKiJ0=",
        "owner": "nixos",
        "repo": "nixpkgs",
        "rev": "20b1ddd1aa5ace70c9468305030aa4f9ef79671b",
        "type": "github"
      },
      "original": {
        "owner": "nixos",
        "ref": "nixos-unstable",
        "repo": "nixpkgs",
        "type": "github"
      }
    },
    "nixpkgs-lib": {
      "locked": {
        "lastModified": 1782614948,
        "narHash": "sha256-ePjCwr1sNm9NYUqywL7QfK3JnlS015msC+eBu2zKlp8=",
        "owner": "nix-community",
        "repo": "nixpkgs.lib",
        "rev": "db3f255737b94216eb71cce308e2912cf6bc2d7c",
        "type": "github"
      },
      "original": {
        "owner": "nix-community",
        "repo": "nixpkgs.lib",
        "type": "github"
      }
    },
    "nixpkgs-lib_2": {
      "locked": {
        "lastModified": 1782614948,
        "narHash": "sha256-ePjCwr1sNm9NYUqywL7QfK3JnlS015msC+eBu2zKlp8=",
        "owner": "nix-community",
        "repo": "nixpkgs.lib",
        "rev": "db3f255737b94216eb71cce308e2912cf6bc2d7c",
        "type": "github"
      },
      "original": {
        "owner": "nix-community",
        "repo": "nixpkgs.lib",
        "type": "github"
      }
    },
    "nixpkgs_2": {
      "locked": {
        "lastModified": 1790185690,
        "narHash": "sha256-EZwz6sR6RLzbKiJJ9QQgXPZ/zA6P8ecfFr/6fwBRfes=",
        "rev": "4975466d324710c576dc11ad614684e6bd8cad8e",
        "type": "tarball",
        "url": "https://releases.nixos.org/nixos/unstable/nixos-26.11pre1078696.4975466d3247/nixexprs.tar.zst"
      },
      "original": {
        "type": "tarball",
        "url": "https://channels.nixos.org/nixos-unstable/nixexprs.tar.zst"
      }
    },
    "nixpkgs_3": {
      "locked": {
        "lastModified": 1790323409,
        "narHash": "sha256-VVTPf+Hyd5ebpjBMHmrLMSBIeW6ls48Bqtosj7CNKLA=",
        "owner": "NixOS",
        "repo": "nixpkgs",
        "rev": "e94cb152ed51bd6e24eb4a41f1460252beb52cd2",
        "type": "github"
      },
      "original": {
        "owner": "NixOS",
        "ref": "nixos-unstable",
        "repo": "nixpkgs",
        "type": "github"
      }
    },
    "nixpkgs_4": {
      "locked": {
        "lastModified": 1780030872,
        "narHash": "sha256-u6WU/yd/o8iYQrHX3RAwO1hYa3LkoSL+WNQD0rJfJZQ=",
        "owner": "NixOS",
        "repo": "nixpkgs",
        "rev": "e9a7635a57597d9754eccebdfc7045e6c8600e6b",
        "type": "github"
      },
      "original": {
        "owner": "NixOS",
        "repo": "nixpkgs",
        "rev": "e9a7635a57597d9754eccebdfc7045e6c8600e6b",
        "type": "github"
      }
    },
    "nixpkgs_5": {
      "locked": {
        "lastModified": 1781577229,
        "narHash": "sha256-lrp67w8AulE9Ks53n27I45ADSzbOCn4H+CNW1Ck8B+8=",
        "owner": "NixOS",
        "repo": "nixpkgs",
        "rev": "567a49d1913ce81ac6e9582e3553dd90a955875f",
        "type": "github"
      },
      "original": {
        "owner": "NixOS",
        "repo": "nixpkgs",
        "rev": "567a49d1913ce81ac6e9582e3553dd90a955875f",
        "type": "github"
      }
    },
    "notifyHx": {
      "flake": false,
      "locked": {
        "lastModified": 1774848700,
        "narHash": "sha256-shKUVnJw2j0yYO+mTHsKie+d1VrJGWDTRul+PTpqlhs=",
        "owner": "chuwy",
        "repo": "notify.hx",
        "rev": "0a328073e6d3e5041346374ae747c275ab8ce746",
        "type": "github"
      },
      "original": {
        "owner": "chuwy",
        "repo": "notify.hx",
        "rev": "0a328073e6d3e5041346374ae747c275ab8ce746",
        "type": "github"
      }
    },
    "novaBar": {
      "inputs": {
        "fenix": "fenix_3",
        "nixpkgs": [
          "yazelix",
          "nixpkgs"
        ],
        "zjstatus": [
          "yazelix",
          "zjstatus"
        ]
      },
      "locked": {
        "lastModified": 1789326441,
        "narHash": "sha256-UnzIsHXJFgyY7ROarNVnAiYVJNpoSM9aD3K4AJXZIyU=",
        "owner": "Yazelix",
        "repo": "nova-bar",
        "rev": "bfbf8a7be28b69f9d822c0843bf2dd5066dd49e3",
        "type": "github"
      },
      "original": {
        "owner": "Yazelix",
        "ref": "edge",
        "repo": "nova-bar",
        "type": "github"
      }
    },
    "nu_plugin_typetree": {
      "inputs": {
        "nixpkgs": [
          "nixpkgs"
        ]
      },
      "locked": {
        "lastModified": 1788781106,
        "narHash": "sha256-mDrjhQpxtDh8wODAmUVOG+U8ICRUtIh+33oy+uY3QF4=",
        "owner": "whereiendandyoubegin",
        "repo": "nu_plugin_typetree",
        "rev": "e4c74c10fa7bb91cb87a885f88d392c6437838cb",
        "type": "github"
      },
      "original": {
        "owner": "whereiendandyoubegin",
        "repo": "nu_plugin_typetree",
        "type": "github"
      }
    },
    "quickshell": {
      "inputs": {
        "nixpkgs": [
          "caelestia",
          "nixpkgs"
        ]
      },
      "locked": {
        "lastModified": 1789461462,
        "narHash": "sha256-J1n+c46qiTmV6gNDqndbhrfDR2R47QLXQNFrf1idTvM=",
        "ref": "refs/heads/master",
        "rev": "c6a516096dd84d5255b409482eb4bf740b952f88",
        "revCount": 860,
        "type": "git",
        "url": "https://git.outfoxxed.me/outfoxxed/quickshell"
      },
      "original": {
        "type": "git",
        "url": "https://git.outfoxxed.me/outfoxxed/quickshell"
      }
    },
    "recording-mars": {
      "inputs": {
        "flake-parts": "flake-parts_2",
        "nixpkgs": "nixpkgs_5",
        "rust-overlay": "rust-overlay_3",
        "systems": "systems_2"
      },
      "locked": {
        "lastModified": 1786291144,
        "narHash": "sha256-F6wT7v1mpq6t4ADAh2aPfbTGuFZxhQ73w8BgIb8lt+E=",
        "owner": "Yazelix",
        "repo": "mars",
        "rev": "21109e3ebc24b63da11bae644dfb9bab28ce0e18",
        "type": "github"
      },
      "original": {
        "owner": "Yazelix",
        "repo": "mars",
        "rev": "21109e3ebc24b63da11bae644dfb9bab28ce0e18",
        "type": "github"
      }
    },
    "rexies-nix-templates": {
      "locked": {
        "lastModified": 1786188526,
        "narHash": "sha256-kPAjbnSr9dpDkqigP3cxx0UMPa4SOFXaKWOtqmbQ3qE=",
        "ref": "refs/heads/main",
        "rev": "0bed023b012e2428ff6cd45a5c7f89673dd54d38",
        "revCount": 12,
        "type": "git",
        "url": "https://iris.radicle.network/z3NZwrezFXNuUTHfazunz9BTygnHF"
      },
      "original": {
        "type": "git",
        "url": "https://iris.radicle.network/z3NZwrezFXNuUTHfazunz9BTygnHF"
      }
    },
    "rio": {
      "inputs": {
        "flake-parts": "flake-parts",
        "nixpkgs": [
          "yazelix",
          "nixpkgs"
        ],
        "rust-overlay": "rust-overlay",
        "systems": "systems"
      },
      "locked": {
        "lastModified": 1788988968,
        "narHash": "sha256-NAafkqK7ntxxHt2o5dO3HtYCYV8rLW7Q1EdtMPI33BU=",
        "owner": "Yazelix",
        "repo": "nova-rio",
        "rev": "2ad2987d0580855393667651ce1d22f094901a23",
        "type": "github"
      },
      "original": {
        "owner": "Yazelix",
        "repo": "nova-rio",
        "rev": "2ad2987d0580855393667651ce1d22f094901a23",
        "type": "github"
      }
    },
    "root": {
      "inputs": {
        "caelestia": "caelestia",
        "chaotic": "chaotic",
        "dank-material-shell": "dank-material-shell",
        "dms-registry": "dms-registry",
        "fenix": "fenix",
        "home-manager": "home-manager_2",
        "nixpkgs": "nixpkgs_3",
        "nu_plugin_typetree": "nu_plugin_typetree",
        "steel-plugin-nix": "steel-plugin-nix",
        "yazelix": "yazelix",
        "zaphkiel": "zaphkiel"
      }
    },
    "rust-analyzer-src": {
      "flake": false,
      "locked": {
        "lastModified": 1790291720,
        "narHash": "sha256-BDG4YK/xih0d7llp/FdkWLXhyhKJN/VfWSEh4pOa8FA=",
        "owner": "rust-lang",
        "repo": "rust-analyzer",
        "rev": "f6f7271e040aef24535f4592352e1b02fb312ce2",
        "type": "github"
      },
      "original": {
        "owner": "rust-lang",
        "ref": "nightly",
        "repo": "rust-analyzer",
        "type": "github"
      }
    },
    "rust-analyzer-src_2": {
      "flake": false,
      "locked": {
        "lastModified": 1782371203,
        "narHash": "sha256-nxrTfEg4U0WhF1I5NFXVSLufJyuWz1OeiSzeriJQrFo=",
        "owner": "rust-lang",
        "repo": "rust-analyzer",
        "rev": "cdab17b9fc0b312e2a32c351fbe3cd938557a44a",
        "type": "github"
      },
      "original": {
        "owner": "rust-lang",
        "ref": "nightly",
        "repo": "rust-analyzer",
        "type": "github"
      }
    },
    "rust-analyzer-src_3": {
      "flake": false,
      "locked": {
        "lastModified": 1777924689,
        "narHash": "sha256-9Z0puLyCSYvtYhP1IZMxC05DSgwA+5rE99jsv1KErc4=",
        "owner": "rust-lang",
        "repo": "rust-analyzer",
        "rev": "91c7c2c4ca6a0520cfbf97e369e4fb7bf0b63b7a",
        "type": "github"
      },
      "original": {
        "owner": "rust-lang",
        "ref": "nightly",
        "repo": "rust-analyzer",
        "type": "github"
      }
    },
    "rust-analyzer-src_4": {
      "flake": false,
      "locked": {
        "lastModified": 1782371203,
        "narHash": "sha256-nxrTfEg4U0WhF1I5NFXVSLufJyuWz1OeiSzeriJQrFo=",
        "owner": "rust-lang",
        "repo": "rust-analyzer",
        "rev": "cdab17b9fc0b312e2a32c351fbe3cd938557a44a",
        "type": "github"
      },
      "original": {
        "owner": "rust-lang",
        "ref": "nightly",
        "repo": "rust-analyzer",
        "type": "github"
      }
    },
    "rust-overlay": {
      "inputs": {
        "nixpkgs": [
          "yazelix",
          "rio",
          "nixpkgs"
        ]
      },
      "locked": {
        "lastModified": 1783144302,
        "narHash": "sha256-NQnzmXwpEAd5tjMBh2+P/y9NknF+WHv5+6yoXoN4h/Y=",
        "owner": "oxalica",
        "repo": "rust-overlay",
        "rev": "fe5aee0952e8e1525533d61defd9e36513db811b",
        "type": "github"
      },
      "original": {
        "owner": "oxalica",
        "repo": "rust-overlay",
        "type": "github"
      }
    },
    "rust-overlay_2": {
      "inputs": {
        "nixpkgs": [
          "yazelix",
          "yazelixHelix",
          "nixpkgs"
        ]
      },
      "locked": {
        "lastModified": 1775358767,
        "narHash": "sha256-f2eC+WIfhjevCPQILuV08i/kmKZzYZpUvkom/33VxCA=",
        "owner": "oxalica",
        "repo": "rust-overlay",
        "rev": "20fd44bc663daa53a2575e01293e24e681d62244",
        "type": "github"
      },
      "original": {
        "owner": "oxalica",
        "repo": "rust-overlay",
        "type": "github"
      }
    },
    "rust-overlay_3": {
      "inputs": {
        "nixpkgs": [
          "yazelix",
          "yazelixScreen",
          "recording-mars",
          "nixpkgs"
        ]
      },
      "locked": {
        "lastModified": 1783144302,
        "narHash": "sha256-NQnzmXwpEAd5tjMBh2+P/y9NknF+WHv5+6yoXoN4h/Y=",
        "owner": "oxalica",
        "repo": "rust-overlay",
        "rev": "fe5aee0952e8e1525533d61defd9e36513db811b",
        "type": "github"
      },
      "original": {
        "owner": "oxalica",
        "repo": "rust-overlay",
        "type": "github"
      }
    },
    "rust-overlay_4": {
      "inputs": {
        "nixpkgs": [
          "yazelix",
          "zjstatus",
          "nixpkgs"
        ]
      },
      "locked": {
        "lastModified": 1776395632,
        "narHash": "sha256-Mi1uF5f2FsdBIvy+v7MtsqxD3Xjhd0ARJdwoqqqPtJo=",
        "owner": "oxalica",
        "repo": "rust-overlay",
        "rev": "8087ff1f47fff983a1fba70fa88b759f2fd8ae97",
        "type": "github"
      },
      "original": {
        "owner": "oxalica",
        "repo": "rust-overlay",
        "type": "github"
      }
    },
    "starshipYazi": {
      "flake": false,
      "locked": {
        "lastModified": 1786993461,
        "narHash": "sha256-Jvoc/7YaOOppu8K2lJaVgiuBIyanRHHjEA6ZvnrFtiQ=",
        "owner": "Rolv-Apneseth",
        "repo": "starship.yazi",
        "rev": "ea92cf49380466f07231c952b409831e6afd2156",
        "type": "github"
      },
      "original": {
        "owner": "Rolv-Apneseth",
        "repo": "starship.yazi",
        "rev": "ea92cf49380466f07231c952b409831e6afd2156",
        "type": "github"
      }
    },
    "stash": {
      "inputs": {
        "crane": [
          "zaphkiel",
          "crane"
        ],
        "nixpkgs": [
          "zaphkiel",
          "nixpkgs"
        ]
      },
      "locked": {
        "lastModified": 1787304549,
        "narHash": "sha256-G31RXNllgbC5SqRMVj5L9/hCpsKuK/s4Byq+TT8a7X4=",
        "owner": "notashelf",
        "repo": "stash",
        "rev": "1cbd047d3563527f4a3e2d76191d20bb590d1bc1",
        "type": "github"
      },
      "original": {
        "owner": "notashelf",
        "repo": "stash",
        "type": "github"
      }
    },
    "steel-plugin-nix": {
      "inputs": {
        "nixpkgs": [
          "nixpkgs"
        ]
      },
      "locked": {
        "lastModified": 1783091668,
        "narHash": "sha256-rloMCDMm6nOIdmravaS/jiO+RDCJDerzQfmiXMTIYIA=",
        "ref": "refs/heads/main",
        "rev": "1c50ab03a50408d94a1abd6b9c477672344a89b0",
        "revCount": 7,
        "type": "git",
        "url": "https://git.dan-gilmour.com/dan/steel-plugin-nix.git"
      },
      "original": {
        "type": "git",
        "url": "https://git.dan-gilmour.com/dan/steel-plugin-nix.git"
      }
    },
    "systems": {
      "locked": {
        "lastModified": 1681028828,
        "narHash": "sha256-Vy1rq5AaRuLzOxct8nz4T6wlgyUR7zLU309k9mBC768=",
        "owner": "nix-systems",
        "repo": "default",
        "rev": "da67096a3b9bf56a91d16901293e51ba5b49a27e",
        "type": "github"
      },
      "original": {
        "owner": "nix-systems",
        "repo": "default",
        "type": "github"
      }
    },
    "systems_2": {
      "locked": {
        "lastModified": 1681028828,
        "narHash": "sha256-Vy1rq5AaRuLzOxct8nz4T6wlgyUR7zLU309k9mBC768=",
        "owner": "nix-systems",
        "repo": "default",
        "rev": "da67096a3b9bf56a91d16901293e51ba5b49a27e",
        "type": "github"
      },
      "original": {
        "owner": "nix-systems",
        "repo": "default",
        "type": "github"
      }
    },
    "systems_3": {
      "locked": {
        "lastModified": 1681028828,
        "narHash": "sha256-Vy1rq5AaRuLzOxct8nz4T6wlgyUR7zLU309k9mBC768=",
        "owner": "nix-systems",
        "repo": "default",
        "rev": "da67096a3b9bf56a91d16901293e51ba5b49a27e",
        "type": "github"
      },
      "original": {
        "owner": "nix-systems",
        "repo": "default",
        "type": "github"
      }
    },
    "systems_4": {
      "locked": {
        "lastModified": 1680978846,
        "narHash": "sha256-Gtqg8b/v49BFDpDetjclCYXm8mAnTrUzR0JnE2nv5aw=",
        "owner": "nix-systems",
        "repo": "x86_64-linux",
        "rev": "2ecfcac5e15790ba6ce360ceccddb15ad16d08a8",
        "type": "github"
      },
      "original": {
        "owner": "nix-systems",
        "repo": "x86_64-linux",
        "type": "github"
      }
    },
    "yazelix": {
      "inputs": {
        "autoLayoutYazi": "autoLayoutYazi",
        "fenix": "fenix_2",
        "gitYazi": "gitYazi",
        "glyphHx": "glyphHx",
        "home-manager": "home-manager_3",
        "kinestra": [
          "yazelix",
          "yazelixScreen",
          "kinestra"
        ],
        "nixpkgs": [
          "nixpkgs"
        ],
        "notifyHx": "notifyHx",
        "novaBar": "novaBar",
        "rio": "rio",
        "starshipYazi": "starshipYazi",
        "yazelixForest": "yazelixForest",
        "yazelixHelix": "yazelixHelix",
        "yazelixScreen": "yazelixScreen",
        "yazelixZellijPaneOrchestrator": "yazelixZellijPaneOrchestrator",
        "yazelixZellijPopup": "yazelixZellijPopup",
        "yaziBistro": "yaziBistro",
        "yaziSchemas": "yaziSchemas",
        "zellijSource": "zellijSource",
        "zjRadar": "zjRadar",
        "zjhintsUpstream": "zjhintsUpstream",
        "zjstatus": "zjstatus"
      },
      "locked": {
        "lastModified": 1790269764,
        "narHash": "sha256-eduhtXCkqG9dzKexky+Q47xIjy+qKZeBZxPLMf2tbtQ=",
        "owner": "luccahuguet",
        "repo": "yazelix",
        "rev": "737be9d43fe37e85e91327478f7039d4b98a3d4c",
        "type": "github"
      },
      "original": {
        "owner": "luccahuguet",
        "ref": "edge",
        "repo": "yazelix",
        "type": "github"
      }
    },
    "yazelixForest": {
      "flake": false,
      "locked": {
        "lastModified": 1788454938,
        "narHash": "sha256-nQysO225eo2Ttxddu/QPymjyz9yW6zD0KrMwKQcA0IY=",
        "owner": "luccahuguet",
        "repo": "yazelix-forest",
        "rev": "4c7826af01efe8b7328baa1c7e480e7a539e4eda",
        "type": "github"
      },
      "original": {
        "owner": "luccahuguet",
        "repo": "yazelix-forest",
        "rev": "4c7826af01efe8b7328baa1c7e480e7a539e4eda",
        "type": "github"
      }
    },
    "yazelixHelix": {
      "inputs": {
        "nixpkgs": [
          "yazelix",
          "nixpkgs"
        ],
        "rust-overlay": "rust-overlay_2"
      },
      "locked": {
        "lastModified": 1788647325,
        "narHash": "sha256-Sp5DNzEaA7sHRFu4317bceVrO8K7DftpnDVdWVlXbFw=",
        "owner": "Yazelix",
        "repo": "nova-helix",
        "rev": "c664557d933edcddac73e3d1a0d80730ea93efa1",
        "type": "github"
      },
      "original": {
        "owner": "Yazelix",
        "repo": "nova-helix",
        "rev": "c664557d933edcddac73e3d1a0d80730ea93efa1",
        "type": "github"
      }
    },
    "yazelixScreen": {
      "inputs": {
        "fenix": [
          "yazelix",
          "novaBar",
          "fenix"
        ],
        "kinestra": "kinestra",
        "nixpkgs": [
          "yazelix",
          "nixpkgs"
        ],
        "recording-mars": "recording-mars"
      },
      "locked": {
        "lastModified": 1788730444,
        "narHash": "sha256-ndCOVbQEf//ixsXBcxoQfcndEOpZWK+SusM/ZGoAWXM=",
        "owner": "Yazelix",
        "repo": "anima",
        "rev": "b3133f057fa0029b3e06c85301161168c48bb799",
        "type": "github"
      },
      "original": {
        "owner": "Yazelix",
        "repo": "anima",
        "type": "github"
      }
    },
    "yazelixZellijPaneOrchestrator": {
      "inputs": {
        "fenix": [
          "yazelix",
          "novaBar",
          "fenix"
        ],
        "flake-utils": "flake-utils",
        "nixpkgs": [
          "yazelix",
          "nixpkgs"
        ]
      },
      "locked": {
        "lastModified": 1790214502,
        "narHash": "sha256-LC7QdzWx5ESbM6RgL2B4i5ITaCFyZIYZk65+GpMuXkg=",
        "owner": "Yazelix",
        "repo": "zellij-pane-orchestrator",
        "rev": "1d6bd299cc7291414120dffedc3b9e04259b2427",
        "type": "github"
      },
      "original": {
        "owner": "Yazelix",
        "repo": "zellij-pane-orchestrator",
        "type": "github"
      }
    },
    "yazelixZellijPopup": {
      "inputs": {
        "fenix": [
          "yazelix",
          "novaBar",
          "fenix"
        ],
        "flake-utils": [
          "yazelix",
          "yazelixZellijPaneOrchestrator",
          "flake-utils"
        ],
        "nixpkgs": [
          "yazelix",
          "nixpkgs"
        ]
      },
      "locked": {
        "lastModified": 1788559102,
        "narHash": "sha256-76ENg/78aiafBxHlwOz7YIJl1dMx43Jn+16H0Imt85U=",
        "owner": "Yazelix",
        "repo": "zellij-popup",
        "rev": "f9424823b01e5223dadff9e6c5b87c0131a902f8",
        "type": "github"
      },
      "original": {
        "owner": "Yazelix",
        "repo": "zellij-popup",
        "type": "github"
      }
    },
    "yaziBistro": {
      "inputs": {
        "nixpkgs": [
          "yazelix",
          "nixpkgs"
        ]
      },
      "locked": {
        "lastModified": 1785113747,
        "narHash": "sha256-RN7iNDkVIZUPIKWpikPzeZ7Aha5c9WLRPQEfAR6YZDU=",
        "owner": "Yazelix",
        "repo": "yazi-bistro",
        "rev": "2e4e199c359a1bc753741d7cc492464f0ff6bede",
        "type": "github"
      },
      "original": {
        "owner": "Yazelix",
        "repo": "yazi-bistro",
        "type": "github"
      }
    },
    "yaziSchemas": {
      "flake": false,
      "locked": {
        "lastModified": 1788955613,
        "narHash": "sha256-G6UkkZ4Oos+aNEJpn5g1SIfgnoS7AbXGgCvNR59HbHY=",
        "owner": "yazi-rs",
        "repo": "schemas",
        "rev": "0a86623a771139104eba47c87ef669dfb280c61c",
        "type": "github"
      },
      "original": {
        "owner": "yazi-rs",
        "repo": "schemas",
        "rev": "0a86623a771139104eba47c87ef669dfb280c61c",
        "type": "github"
      }
    },
    "zaphkiel": {
      "inputs": {
        "agenix": "agenix",
        "booru-hs": "booru-hs",
        "crane": "crane_3",
        "hjem": "hjem",
        "hjem-impure": "hjem-impure",
        "hs-todo": "hs-todo",
        "mnw": "mnw",
        "nixos-wsl": "nixos-wsl",
        "nixpkgs": [
          "nixpkgs"
        ],
        "rexies-nix-templates": "rexies-nix-templates",
        "stash": "stash",
        "systems": "systems_4"
      },
      "locked": {
        "lastModified": 1789639964,
        "narHash": "sha256-pjIVOEiJX97+nqDq5qLYmD65N2BTKYCtgDROc20wbAU=",
        "owner": "Rexcrazy804",
        "repo": "Zaphkiel",
        "rev": "5edc035a21492c43fdf5b3234761f2121d6e6d6f",
        "type": "github"
      },
      "original": {
        "owner": "Rexcrazy804",
        "repo": "Zaphkiel",
        "type": "github"
      }
    },
    "zellijSource": {
      "flake": false,
      "locked": {
        "lastModified": 1790234780,
        "narHash": "sha256-w5huFL7qAZ15zzoKlntJpp8m+PV+q7CJ5O4JRLJ65uU=",
        "owner": "zellij-org",
        "repo": "zellij",
        "rev": "81f56e1aed4e17b822af5cb382a8f524e35f3eae",
        "type": "github"
      },
      "original": {
        "owner": "zellij-org",
        "repo": "zellij",
        "rev": "81f56e1aed4e17b822af5cb382a8f524e35f3eae",
        "type": "github"
      }
    },
    "zjRadar": {
      "inputs": {
        "crane": "crane",
        "fenix": "fenix_4",
        "flake-utils": [
          "yazelix",
          "yazelixZellijPaneOrchestrator",
          "flake-utils"
        ],
        "nixpkgs": [
          "yazelix",
          "nixpkgs"
        ]
      },
      "locked": {
        "lastModified": 1789130118,
        "narHash": "sha256-0whWG/OUWvc6moYGfq09Ojvsk2OZN5+ZwJ2dLKfG/o8=",
        "owner": "Yazelix",
        "repo": "zj-radar",
        "rev": "9beefdf9a997a9a0b206d40cccc57d4eba76a9de",
        "type": "github"
      },
      "original": {
        "owner": "Yazelix",
        "repo": "zj-radar",
        "rev": "9beefdf9a997a9a0b206d40cccc57d4eba76a9de",
        "type": "github"
      }
    },
    "zjhintsUpstream": {
      "flake": false,
      "locked": {
        "lastModified": 1788813280,
        "narHash": "sha256-ABFU7ogsbU81jZ/2p4xGVTJUMXbSeSUr+MvEsm/hPBA=",
        "owner": "myah-mitchell",
        "repo": "zjhints",
        "rev": "709d56292217920a5b7e2702302cd66b60ed6477",
        "type": "github"
      },
      "original": {
        "owner": "myah-mitchell",
        "repo": "zjhints",
        "rev": "709d56292217920a5b7e2702302cd66b60ed6477",
        "type": "github"
      }
    },
    "zjstatus": {
      "inputs": {
        "crane": "crane_2",
        "flake-utils": [
          "yazelix",
          "yazelixZellijPaneOrchestrator",
          "flake-utils"
        ],
        "nixpkgs": [
          "yazelix",
          "nixpkgs"
        ],
        "rust-overlay": "rust-overlay_4"
      },
      "locked": {
        "lastModified": 1790169836,
        "narHash": "sha256-jX6hWM+o+39GzucvOPXcn6NPnLpkKre2scn3p+GNvIE=",
        "owner": "Yazelix",
        "repo": "zjstatus",
        "rev": "1ec6eaf0324e5cebb03a2d14a4cd4ffcbb525fe2",
        "type": "github"
      },
      "original": {
        "owner": "Yazelix",
        "ref": "yazelix-tab-activity-pipe",
        "repo": "zjstatus",
        "type": "github"
      }
    }
  },
  "root": "root",
  "version": 7
}
